
Microsoft Visual Studio Solution File, Format Version 12.00
# Visual Studio Version 17
VisualStudioVersion = 17.2.32526.322
MinimumVisualStudioVersion = 10.0.40219.1
Project("{9A19103F-16F7-4668-BE54-9A1E7A4F7556}") = "CritLang", "CritLang\CritLang.csproj", "{56347825-5AA0-4FC9-8F61-774E0B4E8C15}"
EndProject
Global
	GlobalSection(SolutionConfigurationPlatforms) = preSolution
		Debug|Any CPU = Debug|Any CPU
		Debug|x64 = Debug|x64
		Release|Any CPU = Release|Any CPU
		Release|x64 = Release|x64
	EndGlobalSection
	GlobalSection(ProjectConfigurationPlatforms) = postSolution
		{56347825-5AA0-4FC9-8F61-774E0B4E8C15}.Debug|Any CPU.ActiveCfg = Debug|Any CPU
		{56347825-5AA0-4FC9-8F61-774E0B4E8C15}.Debug|Any CPU.Build.0 = Debug|Any CPU
		{56347825-5AA0-4FC9-8F61-774E0B4E8C15}.Debug|x64.ActiveCfg = Debug|x64
		{56347825-5AA0-4FC9-8F61-774E0B4E8C15}.Debug|x64.Build.0 = Debug|x64
		{56347825-5AA0-4FC9-8F61-774E0B4E8C15}.Release|Any CPU.ActiveCfg = Release|Any CPU
		{56347825-5AA0-4FC9-8F61-774E0B4E8C15}.Release|Any CPU.Build.0 = Release|Any CPU
		{56347825-5AA0-4FC9-8F61-774E0B4E8C15}.Release|x64.ActiveCfg = Release|x64
		{56347825-5AA0-4FC9-8F61-774E0B4E8C15}.Release|x64.Build.0 = Release|x64
	EndGlobalSection
	GlobalSection(SolutionProperties) = preSolution
		HideSolutionNode = FALSE
	EndGlobalSection
	GlobalSection(ExtensibilityGlobals) = postSolution
		SolutionGuid = {7DCF180B-BE7E-400B-9445-B0F51EA375EA}
	EndGlobalSection
EndGlobal
